{
  "name": "agentmailkit-conformance",
  "lockfileVersion": 3,
  "requires": true,
  "packages": {
    "": {
      "name": "agentmailkit-conformance",
      "dependencies": {
        "agentmail": "0.5.19"
      }
    },
    "node_modules/agentmail": {
      "version": "0.5.19",
      "resolved": "https://registry.npmjs.org/agentmail/-/agentmail-0.5.19.tgz",
      "integrity": "sha512-GMTDVcbXLW3K6qzuYXp3ilVwkAfsO2zN4PoROxTWd7Blsk+y6ly5gRguB5AhlgJk52apok501hgDAkOcrc4eTQ==",
      "license": "MIT",
      "dependencies": {
        "ws": "^8.20.0"
      },
      "engines": {
        "node": ">=18.0.0"
      }
    },
    "node_modules/ws": {
      "version": "8.21.3",
      "resolved": "https://registry.npmjs.org/ws/-/ws-8.21.3.tgz",
      "integrity": "sha512-201TZ/kPWxoPr/OKWjquZR1SWKXcvxdH+e1xrx89b3YbmzLMFCLfnaG1HFIgWzJOEWZ7MvpK++odZufgYR50Rw==",
      "license": "MIT",
      "engines": {
        "node": ">=10.0.0"
      },
      "peerDependencies": {
        "bufferutil": "^4.0.1",
        "utf-8-validate": ">=5.0.2"
      },
      "peerDependenciesMeta": {
        "bufferutil": {
          "optional": true
        },
        "utf-8-validate": {
          "optional": true
        }
      }
    }
  }
}
